
Microsoft Visual Studio Solution File, Format Version 12.00
# Visual Studio Version 17
VisualStudioVersion = 17.10.35013.160
MinimumVisualStudioVersion = 10.0.40219.1
Project("{FAE04EC0-301F-11D3-BF4B-00C04F79EFBC}") = "BookStore", "BookStore\BookStore.csproj", "{0FBFDC1F-AB7F-4FC8-B8D8-7CDF853FC74A}"
EndProject
Global
	GlobalSection(SolutionConfigurationPlatforms) = preSolution
		Debug|Any CPU = Debug|Any CPU
		Release|Any CPU = Release|Any CPU
	EndGlobalSection
	GlobalSection(ProjectConfigurationPlatforms) = postSolution
		{0FBFDC1F-AB7F-4FC8-B8D8-7CDF853FC74A}.Debug|Any CPU.ActiveCfg = Debug|Any CPU
		{0FBFDC1F-AB7F-4FC8-B8D8-7CDF853FC74A}.Debug|Any CPU.Build.0 = Debug|Any CPU
		{0FBFDC1F-AB7F-4FC8-B8D8-7CDF853FC74A}.Release|Any CPU.ActiveCfg = Release|Any CPU
		{0FBFDC1F-AB7F-4FC8-B8D8-7CDF853FC74A}.Release|Any CPU.Build.0 = Release|Any CPU
	EndGlobalSection
	GlobalSection(SolutionProperties) = preSolution
		HideSolutionNode = FALSE
	EndGlobalSection
	GlobalSection(ExtensibilityGlobals) = postSolution
		SolutionGuid = {F65449B2-F58D-4AB3-84D7-F71258645E28}
	EndGlobalSection
EndGlobal
